
Microsoft Visual Studio Solution File, Format Version 12.00
# Visual Studio Version 16
VisualStudioVersion = 16.0.29709.97
MinimumVisualStudioVersion = 10.0.40219.1
Project("{9A19103F-16F7-4668-BE54-9A1E7A4F7556}") = "ContaCorrente.Lacamentos.Api", "ContaCorrente.Lacamentos\ContaCorrente.Lacamentos.Api.csproj", "{BF411DA6-3E22-4B6B-87A8-52B39A67AF80}"
EndProject
Project("{9A19103F-16F7-4668-BE54-9A1E7A4F7556}") = "ContaCorrente.Lacamentos.Dominio", "ContaCorrente.Lacamentos.Dominio\ContaCorrente.Lacamentos.Dominio.csproj", "{DE8D7D11-2A87-4CAD-9495-A7B5E4FF93A9}"
EndProject
Project("{9A19103F-16F7-4668-BE54-9A1E7A4F7556}") = "ContaCorrente.Lacamentos.TestesDeIntegracao", "ContaCorrente.Lacamentos.TestesDeIntegracao\ContaCorrente.Lacamentos.TestesDeIntegracao.csproj", "{A348919E-6948-45D2-A687-8BFDEDCF521F}"
EndProject
Project("{9A19103F-16F7-4668-BE54-9A1E7A4F7556}") = "ContaCorrente.Lacamentos.Aplicacao", "ContaCorrente.Lacamentos.Aplicacao\ContaCorrente.Lacamentos.Aplicacao.csproj", "{3E382725-56B7-4575-97FC-5874C2D4DD45}"
EndProject
Global
	GlobalSection(SolutionConfigurationPlatforms) = preSolution
		Debug|Any CPU = Debug|Any CPU
		Release|Any CPU = Release|Any CPU
	EndGlobalSection
	GlobalSection(ProjectConfigurationPlatforms) = postSolution
		{BF411DA6-3E22-4B6B-87A8-52B39A67AF80}.Debug|Any CPU.ActiveCfg = Debug|Any CPU
		{BF411DA6-3E22-4B6B-87A8-52B39A67AF80}.Debug|Any CPU.Build.0 = Debug|Any CPU
		{BF411DA6-3E22-4B6B-87A8-52B39A67AF80}.Release|Any CPU.ActiveCfg = Release|Any CPU
		{BF411DA6-3E22-4B6B-87A8-52B39A67AF80}.Release|Any CPU.Build.0 = Release|Any CPU
		{DE8D7D11-2A87-4CAD-9495-A7B5E4FF93A9}.Debug|Any CPU.ActiveCfg = Debug|Any CPU
		{DE8D7D11-2A87-4CAD-9495-A7B5E4FF93A9}.Debug|Any CPU.Build.0 = Debug|Any CPU
		{DE8D7D11-2A87-4CAD-9495-A7B5E4FF93A9}.Release|Any CPU.ActiveCfg = Release|Any CPU
		{DE8D7D11-2A87-4CAD-9495-A7B5E4FF93A9}.Release|Any CPU.Build.0 = Release|Any CPU
		{A348919E-6948-45D2-A687-8BFDEDCF521F}.Debug|Any CPU.ActiveCfg = Debug|Any CPU
		{A348919E-6948-45D2-A687-8BFDEDCF521F}.Debug|Any CPU.Build.0 = Debug|Any CPU
		{A348919E-6948-45D2-A687-8BFDEDCF521F}.Release|Any CPU.ActiveCfg = Release|Any CPU
		{A348919E-6948-45D2-A687-8BFDEDCF521F}.Release|Any CPU.Build.0 = Release|Any CPU
		{3E382725-56B7-4575-97FC-5874C2D4DD45}.Debug|Any CPU.ActiveCfg = Debug|Any CPU
		{3E382725-56B7-4575-97FC-5874C2D4DD45}.Debug|Any CPU.Build.0 = Debug|Any CPU
		{3E382725-56B7-4575-97FC-5874C2D4DD45}.Release|Any CPU.ActiveCfg = Release|Any CPU
		{3E382725-56B7-4575-97FC-5874C2D4DD45}.Release|Any CPU.Build.0 = Release|Any CPU
	EndGlobalSection
	GlobalSection(SolutionProperties) = preSolution
		HideSolutionNode = FALSE
	EndGlobalSection
	GlobalSection(ExtensibilityGlobals) = postSolution
		SolutionGuid = {FD076DA5-F356-4D04-8CC8-8813559AF8D1}
	EndGlobalSection
EndGlobal
