
Microsoft Visual Studio Solution File, Format Version 12.00
# Visual Studio Version 16
VisualStudioVersion = 16.0.29709.97
MinimumVisualStudioVersion = 10.0.40219.1
Project("{9A19103F-16F7-4668-BE54-9A1E7A4F7556}") = "ContaCorrente.Extrato.Processadores", "ContaCorrente.Extrato.Processadores\ContaCorrente.Extrato.Processadores.csproj", "{7C07BD1B-08B4-4A3D-822B-A0254403A45B}"
EndProject
Project("{2150E333-8FDC-42A3-9474-1A3956D46DE8}") = "Infra", "Infra", "{E3669420-BB66-47CC-A75F-AE48E39B5BE8}"
EndProject
Project("{2150E333-8FDC-42A3-9474-1A3956D46DE8}") = "Dominio", "Dominio", "{D298A5B7-C503-4F84-A237-BFD0568BE44E}"
EndProject
Project("{9A19103F-16F7-4668-BE54-9A1E7A4F7556}") = "ContaCorrente.Extrato.Processadores.Dominio", "ContaCorrente.Extrato.Processadores.Dominio\ContaCorrente.Extrato.Processadores.Dominio.csproj", "{2B5BEF28-1ADA-4FE1-94FF-52BB6A8DA71E}"
EndProject
Project("{9A19103F-16F7-4668-BE54-9A1E7A4F7556}") = "ContaCorrente.Extrato.Processadores.Infra.ExtratoRepositorio", "ContaCorrente.Extrato.Processadores.Infra.ExtratoRepositorio\ContaCorrente.Extrato.Processadores.Infra.ExtratoRepositorio.csproj", "{621B6209-7F27-4FA6-9384-BEB292ADB54C}"
EndProject
Project("{FAE04EC0-301F-11D3-BF4B-00C04F79EFBC}") = "ContaCorrente.Extrato.Processadores.Infra.ServicoDeFilaAdaptador", "ContaCorrente.Extrato.Processadores.Infra.ServicoDeFilaAdaptador\ContaCorrente.Extrato.Processadores.Infra.ServicoDeFilaAdaptador.csproj", "{8D1219AD-A154-4600-9AB6-4CF2F2EB463C}"
EndProject
Project("{FAE04EC0-301F-11D3-BF4B-00C04F79EFBC}") = "ContaCorrente.Extrato.Processadores.Infra.Mensageria", "ContaCorrente.Extrato.Processadores.Infra.Mensageria\ContaCorrente.Extrato.Processadores.Infra.Mensageria.csproj", "{4FCFCF91-7BA3-492D-B174-F7E95C2B30CE}"
EndProject
Global
	GlobalSection(SolutionConfigurationPlatforms) = preSolution
		Debug|Any CPU = Debug|Any CPU
		Release|Any CPU = Release|Any CPU
	EndGlobalSection
	GlobalSection(ProjectConfigurationPlatforms) = postSolution
		{7C07BD1B-08B4-4A3D-822B-A0254403A45B}.Debug|Any CPU.ActiveCfg = Debug|Any CPU
		{7C07BD1B-08B4-4A3D-822B-A0254403A45B}.Debug|Any CPU.Build.0 = Debug|Any CPU
		{7C07BD1B-08B4-4A3D-822B-A0254403A45B}.Release|Any CPU.ActiveCfg = Release|Any CPU
		{7C07BD1B-08B4-4A3D-822B-A0254403A45B}.Release|Any CPU.Build.0 = Release|Any CPU
		{2B5BEF28-1ADA-4FE1-94FF-52BB6A8DA71E}.Debug|Any CPU.ActiveCfg = Debug|Any CPU
		{2B5BEF28-1ADA-4FE1-94FF-52BB6A8DA71E}.Debug|Any CPU.Build.0 = Debug|Any CPU
		{2B5BEF28-1ADA-4FE1-94FF-52BB6A8DA71E}.Release|Any CPU.ActiveCfg = Release|Any CPU
		{2B5BEF28-1ADA-4FE1-94FF-52BB6A8DA71E}.Release|Any CPU.Build.0 = Release|Any CPU
		{621B6209-7F27-4FA6-9384-BEB292ADB54C}.Debug|Any CPU.ActiveCfg = Debug|Any CPU
		{621B6209-7F27-4FA6-9384-BEB292ADB54C}.Debug|Any CPU.Build.0 = Debug|Any CPU
		{621B6209-7F27-4FA6-9384-BEB292ADB54C}.Release|Any CPU.ActiveCfg = Release|Any CPU
		{621B6209-7F27-4FA6-9384-BEB292ADB54C}.Release|Any CPU.Build.0 = Release|Any CPU
		{8D1219AD-A154-4600-9AB6-4CF2F2EB463C}.Debug|Any CPU.ActiveCfg = Debug|Any CPU
		{8D1219AD-A154-4600-9AB6-4CF2F2EB463C}.Debug|Any CPU.Build.0 = Debug|Any CPU
		{8D1219AD-A154-4600-9AB6-4CF2F2EB463C}.Release|Any CPU.ActiveCfg = Release|Any CPU
		{8D1219AD-A154-4600-9AB6-4CF2F2EB463C}.Release|Any CPU.Build.0 = Release|Any CPU
		{4FCFCF91-7BA3-492D-B174-F7E95C2B30CE}.Debug|Any CPU.ActiveCfg = Debug|Any CPU
		{4FCFCF91-7BA3-492D-B174-F7E95C2B30CE}.Debug|Any CPU.Build.0 = Debug|Any CPU
		{4FCFCF91-7BA3-492D-B174-F7E95C2B30CE}.Release|Any CPU.ActiveCfg = Release|Any CPU
		{4FCFCF91-7BA3-492D-B174-F7E95C2B30CE}.Release|Any CPU.Build.0 = Release|Any CPU
	EndGlobalSection
	GlobalSection(SolutionProperties) = preSolution
		HideSolutionNode = FALSE
	EndGlobalSection
	GlobalSection(NestedProjects) = preSolution
		{2B5BEF28-1ADA-4FE1-94FF-52BB6A8DA71E} = {D298A5B7-C503-4F84-A237-BFD0568BE44E}
		{621B6209-7F27-4FA6-9384-BEB292ADB54C} = {E3669420-BB66-47CC-A75F-AE48E39B5BE8}
		{8D1219AD-A154-4600-9AB6-4CF2F2EB463C} = {E3669420-BB66-47CC-A75F-AE48E39B5BE8}
		{4FCFCF91-7BA3-492D-B174-F7E95C2B30CE} = {E3669420-BB66-47CC-A75F-AE48E39B5BE8}
	EndGlobalSection
	GlobalSection(ExtensibilityGlobals) = postSolution
		SolutionGuid = {3C79D88D-2DBC-44CE-8180-0794CCF635CA}
	EndGlobalSection
EndGlobal
